// !$*UTF8*$!
{
	archiveVersion = 1;
	classes = {
	};
	objectVersion = 50;
	objects = {

/* Begin PBXBuildFile section */
		96AAE74625DEF5A100B82E63 /* AppDelegate.swift in Sources */ = {isa = PBXBuildFile; fileRef = 96AAE74525DEF5A100B82E63 /* AppDelegate.swift */; };
		96AAE74825DEF5A100B82E63 /* SceneDelegate.swift in Sources */ = {isa = PBXBuildFile; fileRef = 96AAE74725DEF5A100B82E63 /* SceneDelegate.swift */; };
		96AAE74A25DEF5A100B82E63 /* ViewController.swift in Sources */ = {isa = PBXBuildFile; fileRef = 96AAE74925DEF5A100B82E63 /* ViewController.swift */; };
		96AAE74D25DEF5A100B82E63 /* Main.storyboard in Resources */ = {isa = PBXBuildFile; fileRef = 96AAE74B25DEF5A100B82E63 /* Main.storyboard */; };
		96AAE74F25DEF5A200B82E63 /* Assets.xcassets in Resources */ = {isa = PBXBuildFile; fileRef = 96AAE74E25DEF5A200B82E63 /* Assets.xcassets */; };
		96AAE75225DEF5A200B82E63 /* LaunchScreen.storyboard in Resources */ = {isa = PBXBuildFile; fileRef = 96AAE75025DEF5A200B82E63 /* LaunchScreen.storyboard */; };
		96AAE75D25DEF5A200B82E63 /* DogCatJudgementTests.swift in Sources */ = {isa = PBXBuildFile; fileRef = 96AAE75C25DEF5A200B82E63 /* DogCatJudgementTests.swift */; };
		96AAE76825DEF5A200B82E63 /* DogCatJudgementUITests.swift in Sources */ = {isa = PBXBuildFile; fileRef = 96AAE76725DEF5A200B82E63 /* DogCatJudgementUITests.swift */; };
/* End PBXBuildFile section */

/* Begin PBXContainerItemProxy section */
		96AAE75925DEF5A200B82E63 /* PBXContainerItemProxy */ = {
			isa = PBXContainerItemProxy;
			containerPortal = 96AAE73A25DEF5A100B82E63 /* Project object */;
			proxyType = 1;
			remoteGlobalIDString = 96AAE74125DEF5A100B82E63;
			remoteInfo = DogCatJudgement;
		};
		96AAE76425DEF5A200B82E63 /* PBXContainerItemProxy */ = {
			isa = PBXContainerItemProxy;
			containerPortal = 96AAE73A25DEF5A100B82E63 /* Project object */;
			proxyType = 1;
			remoteGlobalIDString = 96AAE74125DEF5A100B82E63;
			remoteInfo = DogCatJudgement;
		};
/* End PBXContainerItemProxy section */

/* Begin PBXFileReference section */
		96AAE74225DEF5A100B82E63 /* DogCatJudgement.app */ = {isa = PBXFileReference; explicitFileType = wrapper.application; includeInIndex = 0; path = DogCatJudgement.app; sourceTree = BUILT_PRODUCTS_DIR; };
		96AAE74525DEF5A100B82E63 /* AppDelegate.swift */ = {isa = PBXFileReference; lastKnownFileType = sourcecode.swift; path = AppDelegate.swift; sourceTree = "<group>"; };
		96AAE74725DEF5A100B82E63 /* SceneDelegate.swift */ = {isa = PBXFileReference; lastKnownFileType = sourcecode.swift; path = SceneDelegate.swift; sourceTree = "<group>"; };
		96AAE74925DEF5A100B82E63 /* ViewController.swift */ = {isa = PBXFileReference; lastKnownFileType = sourcecode.swift; path = ViewController.swift; sourceTree = "<group>"; };
		96AAE74C25DEF5A100B82E63 /* Base */ = {isa = PBXFileReference; lastKnownFileType = file.storyboard; name = Base; path = Base.lproj/Main.storyboard; sourceTree = "<group>"; };
		96AAE74E25DEF5A200B82E63 /* Assets.xcassets */ = {isa = PBXFileReference; lastKnownFileType = folder.assetcatalog; path = Assets.xcassets; sourceTree = "<group>"; };
		96AAE75125DEF5A200B82E63 /* Base */ = {isa = PBXFileReference; lastKnownFileType = file.storyboard; name = Base; path = Base.lproj/LaunchScreen.storyboard; sourceTree = "<group>"; };
		96AAE75325DEF5A200B82E63 /* Info.plist */ = {isa = PBXFileReference; lastKnownFileType = text.plist.xml; path = Info.plist; sourceTree = "<group>"; };
		96AAE75825DEF5A200B82E63 /* DogCatJudgementTests.xctest */ = {isa = PBXFileReference; explicitFileType = wrapper.cfbundle; includeInIndex = 0; path = DogCatJudgementTests.xctest; sourceTree = BUILT_PRODUCTS_DIR; };
		96AAE75C25DEF5A200B82E63 /* DogCatJudgementTests.swift */ = {isa = PBXFileReference; lastKnownFileType = sourcecode.swift; path = DogCatJudgementTests.swift; sourceTree = "<group>"; };
		96AAE75E25DEF5A200B82E63 /* Info.plist */ = {isa = PBXFileReference; lastKnownFileType = text.plist.xml; path = Info.plist; sourceTree = "<group>"; };
		96AAE76325DEF5A200B82E63 /* DogCatJudgementUITests.xctest */ = {isa = PBXFileReference; explicitFileType = wrapper.cfbundle; includeInIndex = 0; path = DogCatJudgementUITests.xctest; sourceTree = BUILT_PRODUCTS_DIR; };
		96AAE76725DEF5A200B82E63 /* DogCatJudgementUITests.swift */ = {isa = PBXFileReference; lastKnownFileType = sourcecode.swift; path = DogCatJudgementUITests.swift; sourceTree = "<group>"; };
		96AAE76925DEF5A200B82E63 /* Info.plist */ = {isa = PBXFileReference; lastKnownFileType = text.plist.xml; path = Info.plist; sourceTree = "<group>"; };
		96AAE77825DEF5EA00B82E63 /* README.md */ = {isa = PBXFileReference; lastKnownFileType = net.daringfireball.markdown; path = README.md; sourceTree = "<group>"; };
/* End PBXFileReference section */

/* Begin PBXFrameworksBuildPhase section */
		96AAE73F25DEF5A100B82E63 /* Frameworks */ = {
			isa = PBXFrameworksBuildPhase;
			buildActionMask = 2147483647;
			files = (
			);
			runOnlyForDeploymentPostprocessing = 0;
		};
		96AAE75525DEF5A200B82E63 /* Frameworks */ = {
			isa = PBXFrameworksBuildPhase;
			buildActionMask = 2147483647;
			files = (
			);
			runOnlyForDeploymentPostprocessing = 0;
		};
		96AAE76025DEF5A200B82E63 /* Frameworks */ = {
			isa = PBXFrameworksBuildPhase;
			buildActionMask = 2147483647;
			files = (
			);
			runOnlyForDeploymentPostprocessing = 0;
		};
/* End PBXFrameworksBuildPhase section */

/* Begin PBXGroup section */
		96AAE73925DEF5A100B82E63 = {
			isa = PBXGroup;
			children = (
				96AAE77825DEF5EA00B82E63 /* README.md */,
				96AAE74425DEF5A100B82E63 /* DogCatJudgement */,
				96AAE75B25DEF5A200B82E63 /* DogCatJudgementTests */,
				96AAE76625DEF5A200B82E63 /* DogCatJudgementUITests */,
				96AAE74325DEF5A100B82E63 /* Products */,
			);
			sourceTree = "<group>";
		};
		96AAE74325DEF5A100B82E63 /* Products */ = {
			isa = PBXGroup;
			children = (
				96AAE74225DEF5A100B82E63 /* DogCatJudgement.app */,
				96AAE75825DEF5A200B82E63 /* DogCatJudgementTests.xctest */,
				96AAE76325DEF5A200B82E63 /* DogCatJudgementUITests.xctest */,
			);
			name = Products;
			sourceTree = "<group>";
		};
		96AAE74425DEF5A100B82E63 /* DogCatJudgement */ = {
			isa = PBXGroup;
			children = (
				96AAE74525DEF5A100B82E63 /* AppDelegate.swift */,
				96AAE74725DEF5A100B82E63 /* SceneDelegate.swift */,
				96AAE74925DEF5A100B82E63 /* ViewController.swift */,
				96AAE74B25DEF5A100B82E63 /* Main.storyboard */,
				96AAE74E25DEF5A200B82E63 /* Assets.xcassets */,
				96AAE75025DEF5A200B82E63 /* LaunchScreen.storyboard */,
				96AAE75325DEF5A200B82E63 /* Info.plist */,
			);
			path = DogCatJudgement;
			sourceTree = "<group>";
		};
		96AAE75B25DEF5A200B82E63 /* DogCatJudgementTests */ = {
			isa = PBXGroup;
			children = (
				96AAE75C25DEF5A200B82E63 /* DogCatJudgementTests.swift */,
				96AAE75E25DEF5A200B82E63 /* Info.plist */,
			);
			path = DogCatJudgementTests;
			sourceTree = "<group>";
		};
		96AAE76625DEF5A200B82E63 /* DogCatJudgementUITests */ = {
			isa = PBXGroup;
			children = (
				96AAE76725DEF5A200B82E63 /* DogCatJudgementUITests.swift */,
				96AAE76925DEF5A200B82E63 /* Info.plist */,
			);
			path = DogCatJudgementUITests;
			sourceTree = "<group>";
		};
/* End PBXGroup section */

/* Begin PBXNativeTarget section */
		96AAE74125DEF5A100B82E63 /* DogCatJudgement */ = {
			isa = PBXNativeTarget;
			buildConfigurationList = 96AAE76C25DEF5A200B82E63 /* Build configuration list for PBXNativeTarget "DogCatJudgement" */;
			buildPhases = (
				96AAE73E25DEF5A100B82E63 /* Sources */,
				96AAE73F25DEF5A100B82E63 /* Frameworks */,
				96AAE74025DEF5A100B82E63 /* Resources */,
			);
			buildRules = (
			);
			dependencies = (
			);
			name = DogCatJudgement;
			productName = DogCatJudgement;
			productReference = 96AAE74225DEF5A100B82E63 /* DogCatJudgement.app */;
			productType = "com.apple.product-type.application";
		};
		96AAE75725DEF5A200B82E63 /* DogCatJudgementTests */ = {
			isa = PBXNativeTarget;
			buildConfigurationList = 96AAE76F25DEF5A200B82E63 /* Build configuration list for PBXNativeTarget "DogCatJudgementTests" */;
			buildPhases = (
				96AAE75425DEF5A200B82E63 /* Sources */,
				96AAE75525DEF5A200B82E63 /* Frameworks */,
				96AAE75625DEF5A200B82E63 /* Resources */,
			);
			buildRules = (
			);
			dependencies = (
				96AAE75A25DEF5A200B82E63 /* PBXTargetDependency */,
			);
			name = DogCatJudgementTests;
			productName = DogCatJudgementTests;
			productReference = 96AAE75825DEF5A200B82E63 /* DogCatJudgementTests.xctest */;
			productType = "com.apple.product-type.bundle.unit-test";
		};
		96AAE76225DEF5A200B82E63 /* DogCatJudgementUITests */ = {
			isa = PBXNativeTarget;
			buildConfigurationList = 96AAE77225DEF5A200B82E63 /* Build configuration list for PBXNativeTarget "DogCatJudgementUITests" */;
			buildPhases = (
				96AAE75F25DEF5A200B82E63 /* Sources */,
				96AAE76025DEF5A200B82E63 /* Frameworks */,
				96AAE76125DEF5A200B82E63 /* Resources */,
			);
			buildRules = (
			);
			dependencies = (
				96AAE76525DEF5A200B82E63 /* PBXTargetDependency */,
			);
			name = DogCatJudgementUITests;
			productName = DogCatJudgementUITests;
			productReference = 96AAE76325DEF5A200B82E63 /* DogCatJudgementUITests.xctest */;
			productType = "com.apple.product-type.bundle.ui-testing";
		};
/* End PBXNativeTarget section */

/* Begin PBXProject section */
		96AAE73A25DEF5A100B82E63 /* Project object */ = {
			isa = PBXProject;
			attributes = {
				LastSwiftUpdateCheck = 1240;
				LastUpgradeCheck = 1240;
				TargetAttributes = {
					96AAE74125DEF5A100B82E63 = {
						CreatedOnToolsVersion = 12.4;
					};
					96AAE75725DEF5A200B82E63 = {
						CreatedOnToolsVersion = 12.4;
						TestTargetID = 96AAE74125DEF5A100B82E63;
					};
					96AAE76225DEF5A200B82E63 = {
						CreatedOnToolsVersion = 12.4;
						TestTargetID = 96AAE74125DEF5A100B82E63;
					};
				};
			};
			buildConfigurationList = 96AAE73D25DEF5A100B82E63 /* Build configuration list for PBXProject "DogCatJudgement" */;
			compatibilityVersion = "Xcode 9.3";
			developmentRegion = en;
			hasScannedForEncodings = 0;
			knownRegions = (
				en,
				Base,
			);
			mainGroup = 96AAE73925DEF5A100B82E63;
			productRefGroup = 96AAE74325DEF5A100B82E63 /* Products */;
			projectDirPath = "";
			projectRoot = "";
			targets = (
				96AAE74125DEF5A100B82E63 /* DogCatJudgement */,
				96AAE75725DEF5A200B82E63 /* DogCatJudgementTests */,
				96AAE76225DEF5A200B82E63 /* DogCatJudgementUITests */,
			);
		};
/* End PBXProject section */

/* Begin PBXResourcesBuildPhase section */
		96AAE74025DEF5A100B82E63 /* Resources */ = {
			isa = PBXResourcesBuildPhase;
			buildActionMask = 2147483647;
			files = (
				96AAE75225DEF5A200B82E63 /* LaunchScreen.storyboard in Resources */,
				96AAE74F25DEF5A200B82E63 /* Assets.xcassets in Resources */,
				96AAE74D25DEF5A100B82E63 /* Main.storyboard in Resources */,
			);
			runOnlyForDeploymentPostprocessing = 0;
		};
		96AAE75625DEF5A200B82E63 /* Resources */ = {
			isa = PBXResourcesBuildPhase;
			buildActionMask = 2147483647;
			files = (
			);
			runOnlyForDeploymentPostprocessing = 0;
		};
		96AAE76125DEF5A200B82E63 /* Resources */ = {
			isa = PBXResourcesBuildPhase;
			buildActionMask = 2147483647;
			files = (
			);
			runOnlyForDeploymentPostprocessing = 0;
		};
/* End PBXResourcesBuildPhase section */

/* Begin PBXSourcesBuildPhase section */
		96AAE73E25DEF5A100B82E63 /* Sources */ = {
			isa = PBXSourcesBuildPhase;
			buildActionMask = 2147483647;
			files = (
				96AAE74A25DEF5A100B82E63 /* ViewController.swift in Sources */,
				96AAE74625DEF5A100B82E63 /* AppDelegate.swift in Sources */,
				96AAE74825DEF5A100B82E63 /* SceneDelegate.swift in Sources */,
			);
			runOnlyForDeploymentPostprocessing = 0;
		};
		96AAE75425DEF5A200B82E63 /* Sources */ = {
			isa = PBXSourcesBuildPhase;
			buildActionMask = 2147483647;
			files = (
				96AAE75D25DEF5A200B82E63 /* DogCatJudgementTests.swift in Sources */,
			);
			runOnlyForDeploymentPostprocessing = 0;
		};
		96AAE75F25DEF5A200B82E63 /* Sources */ = {
			isa = PBXSourcesBuildPhase;
			buildActionMask = 2147483647;
			files = (
				96AAE76825DEF5A200B82E63 /* DogCatJudgementUITests.swift in Sources */,
			);
			runOnlyForDeploymentPostprocessing = 0;
		};
/* End PBXSourcesBuildPhase section */

/* Begin PBXTargetDependency section */
		96AAE75A25DEF5A200B82E63 /* PBXTargetDependency */ = {
			isa = PBXTargetDependency;
			target = 96AAE74125DEF5A100B82E63 /* DogCatJudgement */;
			targetProxy = 96AAE75925DEF5A200B82E63 /* PBXContainerItemProxy */;
		};
		96AAE76525DEF5A200B82E63 /* PBXTargetDependency */ = {
			isa = PBXTargetDependency;
			target = 96AAE74125DEF5A100B82E63 /* DogCatJudgement */;
			targetProxy = 96AAE76425DEF5A200B82E63 /* PBXContainerItemProxy */;
		};
/* End PBXTargetDependency section */

/* Begin PBXVariantGroup section */
		96AAE74B25DEF5A100B82E63 /* Main.storyboard */ = {
			isa = PBXVariantGroup;
			children = (
				96AAE74C25DEF5A100B82E63 /* Base */,
			);
			name = Main.storyboard;
			sourceTree = "<group>";
		};
		96AAE75025DEF5A200B82E63 /* LaunchScreen.storyboard */ = {
			isa = PBXVariantGroup;
			children = (
				96AAE75125DEF5A200B82E63 /* Base */,
			);
			name = LaunchScreen.storyboard;
			sourceTree = "<group>";
		};
/* End PBXVariantGroup section */

/* Begin XCBuildConfiguration section */
		96AAE76A25DEF5A200B82E63 /* Debug */ = {
			isa = XCBuildConfiguration;
			buildSettings = {
				ALWAYS_SEARCH_USER_PATHS = NO;
				CLANG_ANALYZER_NONNULL = YES;
				CLANG_ANALYZER_NUMBER_OBJECT_CONVERSION = YES_AGGRESSIVE;
				CLANG_CXX_LANGUAGE_STANDARD = "gnu++14";
				CLANG_CXX_LIBRARY = "libc++";
				CLANG_ENABLE_MODULES = YES;
				CLANG_ENABLE_OBJC_ARC = YES;
				CLANG_ENABLE_OBJC_WEAK = YES;
				CLANG_WARN_BLOCK_CAPTURE_AUTORELEASING = YES;
				CLANG_WARN_BOOL_CONVERSION = YES;
				CLANG_WARN_COMMA = YES;
				CLANG_WARN_CONSTANT_CONVERSION = YES;
				CLANG_WARN_DEPRECATED_OBJC_IMPLEMENTATIONS = YES;
				CLANG_WARN_DIRECT_OBJC_ISA_USAGE = YES_ERROR;
				CLANG_WARN_DOCUMENTATION_COMMENTS = YES;
				CLANG_WARN_EMPTY_BODY = YES;
				CLANG_WARN_ENUM_CONVERSION = YES;
				CLANG_WARN_INFINITE_RECURSION = YES;
				CLANG_WARN_INT_CONVERSION = YES;
				CLANG_WARN_NON_LITERAL_NULL_CONVERSION = YES;
				CLANG_WARN_OBJC_IMPLICIT_RETAIN_SELF = YES;
				CLANG_WARN_OBJC_LITERAL_CONVERSION = YES;
				CLANG_WARN_OBJC_ROOT_CLASS = YES_ERROR;
				CLANG_WARN_QUOTED_INCLUDE_IN_FRAMEWORK_HEADER = YES;
				CLANG_WARN_RANGE_LOOP_ANALYSIS = YES;
				CLANG_WARN_STRICT_PROTOTYPES = YES;
				CLANG_WARN_SUSPICIOUS_MOVE = YES;
				CLANG_WARN_UNGUARDED_AVAILABILITY = YES_AGGRESSIVE;
				CLANG_WARN_UNREACHABLE_CODE = YES;
				CLANG_WARN__DUPLICATE_METHOD_MATCH = YES;
				COPY_PHASE_STRIP = NO;
				DEBUG_INFORMATION_FORMAT = dwarf;
				ENABLE_STRICT_OBJC_MSGSEND = YES;
				ENABLE_TESTABILITY = YES;
				GCC_C_LANGUAGE_STANDARD = gnu11;
				GCC_DYNAMIC_NO_PIC = NO;
				GCC_NO_COMMON_BLOCKS = YES;
				GCC_OPTIMIZATION_LEVEL = 0;
				GCC_PREPROCESSOR_DEFINITIONS = (
					"DEBUG=1",
					"$(inherited)",
				);
				GCC_WARN_64_TO_32_BIT_CONVERSION = YES;
				GCC_WARN_ABOUT_RETURN_TYPE = YES_ERROR;
				GCC_WARN_UNDECLARED_SELECTOR = YES;
				GCC_WARN_UNINITIALIZED_AUTOS = YES_AGGRESSIVE;
				GCC_WARN_UNUSED_FUNCTION = YES;
				GCC_WARN_UNUSED_VARIABLE = YES;
				IPHONEOS_DEPLOYMENT_TARGET = 14.4;
				MTL_ENABLE_DEBUG_INFO = INCLUDE_SOURCE;
				MTL_FAST_MATH = YES;
				ONLY_ACTIVE_ARCH = YES;
				SDKROOT = iphoneos;
				SWIFT_ACTIVE_COMPILATION_CONDITIONS = DEBUG;
				SWIFT_OPTIMIZATION_LEVEL = "-Onone";
			};
			name = Debug;
		};
		96AAE76B25DEF5A200B82E63 /* Release */ = {
			isa = XCBuildConfiguration;
			buildSettings = {
				ALWAYS_SEARCH_USER_PATHS = NO;
				CLANG_ANALYZER_NONNULL = YES;
				CLANG_ANALYZER_NUMBER_OBJECT_CONVERSION = YES_AGGRESSIVE;
				CLANG_CXX_LANGUAGE_STANDARD = "gnu++14";
				CLANG_CXX_LIBRARY = "libc++";
				CLANG_ENABLE_MODULES = YES;
				CLANG_ENABLE_OBJC_ARC = YES;
				CLANG_ENABLE_OBJC_WEAK = YES;
				CLANG_WARN_BLOCK_CAPTURE_AUTORELEASING = YES;
				CLANG_WARN_BOOL_CONVERSION = YES;
				CLANG_WARN_COMMA = YES;
				CLANG_WARN_CONSTANT_CONVERSION = YES;
				CLANG_WARN_DEPRECATED_OBJC_IMPLEMENTATIONS = YES;
				CLANG_WARN_DIRECT_OBJC_ISA_USAGE = YES_ERROR;
				CLANG_WARN_DOCUMENTATION_COMMENTS = YES;
				CLANG_WARN_EMPTY_BODY = YES;
				CLANG_WARN_ENUM_CONVERSION = YES;
				CLANG_WARN_INFINITE_RECURSION = YES;
				CLANG_WARN_INT_CONVERSION = YES;
				CLANG_WARN_NON_LITERAL_NULL_CONVERSION = YES;
				CLANG_WARN_OBJC_IMPLICIT_RETAIN_SELF = YES;
				CLANG_WARN_OBJC_LITERAL_CONVERSION = YES;
				CLANG_WARN_OBJC_ROOT_CLASS = YES_ERROR;
				CLANG_WARN_QUOTED_INCLUDE_IN_FRAMEWORK_HEADER = YES;
				CLANG_WARN_RANGE_LOOP_ANALYSIS = YES;
				CLANG_WARN_STRICT_PROTOTYPES = YES;
				CLANG_WARN_SUSPICIOUS_MOVE = YES;
				CLANG_WARN_UNGUARDED_AVAILABILITY = YES_AGGRESSIVE;
				CLANG_WARN_UNREACHABLE_CODE = YES;
				CLANG_WARN__DUPLICATE_METHOD_MATCH = YES;
				COPY_PHASE_STRIP = NO;
				DEBUG_INFORMATION_FORMAT = "dwarf-with-dsym";
				ENABLE_NS_ASSERTIONS = NO;
				ENABLE_STRICT_OBJC_MSGSEND = YES;
				GCC_C_LANGUAGE_STANDARD = gnu11;
				GCC_NO_COMMON_BLOCKS = YES;
				GCC_WARN_64_TO_32_BIT_CONVERSION = YES;
				GCC_WARN_ABOUT_RETURN_TYPE = YES_ERROR;
				GCC_WARN_UNDECLARED_SELECTOR = YES;
				GCC_WARN_UNINITIALIZED_AUTOS = YES_AGGRESSIVE;
				GCC_WARN_UNUSED_FUNCTION = YES;
				GCC_WARN_UNUSED_VARIABLE = YES;
				IPHONEOS_DEPLOYMENT_TARGET = 14.4;
				MTL_ENABLE_DEBUG_INFO = NO;
				MTL_FAST_MATH = YES;
				SDKROOT = iphoneos;
				SWIFT_COMPILATION_MODE = wholemodule;
				SWIFT_OPTIMIZATION_LEVEL = "-O";
				VALIDATE_PRODUCT = YES;
			};
			name = Release;
		};
		96AAE76D25DEF5A200B82E63 /* Debug */ = {
			isa = XCBuildConfiguration;
			buildSettings = {
				ASSETCATALOG_COMPILER_APPICON_NAME = AppIcon;
				ASSETCATALOG_COMPILER_GLOBAL_ACCENT_COLOR_NAME = AccentColor;
				CODE_SIGN_STYLE = Automatic;
				DEVELOPMENT_TEAM = 9YN493UFZE;
				INFOPLIST_FILE = DogCatJudgement/Info.plist;
				LD_RUNPATH_SEARCH_PATHS = (
					"$(inherited)",
					"@executable_path/Frameworks",
				);
				PRODUCT_BUNDLE_IDENTIFIER = jp.beah.DogCatJudgement;
				PRODUCT_NAME = "$(TARGET_NAME)";
				SWIFT_VERSION = 5.0;
				TARGETED_DEVICE_FAMILY = "1,2";
			};
			name = Debug;
		};
		96AAE76E25DEF5A200B82E63 /* Release */ = {
			isa = XCBuildConfiguration;
			buildSettings = {
				ASSETCATALOG_COMPILER_APPICON_NAME = AppIcon;
				ASSETCATALOG_COMPILER_GLOBAL_ACCENT_COLOR_NAME = AccentColor;
				CODE_SIGN_STYLE = Automatic;
				DEVELOPMENT_TEAM = 9YN493UFZE;
				INFOPLIST_FILE = DogCatJudgement/Info.plist;
				LD_RUNPATH_SEARCH_PATHS = (
					"$(inherited)",
					"@executable_path/Frameworks",
				);
				PRODUCT_BUNDLE_IDENTIFIER = jp.beah.DogCatJudgement;
				PRODUCT_NAME = "$(TARGET_NAME)";
				SWIFT_VERSION = 5.0;
				TARGETED_DEVICE_FAMILY = "1,2";
			};
			name = Release;
		};
		96AAE77025DEF5A200B82E63 /* Debug */ = {
			isa = XCBuildConfiguration;
			buildSettings = {
				ALWAYS_EMBED_SWIFT_STANDARD_LIBRARIES = YES;
				BUNDLE_LOADER = "$(TEST_HOST)";
				CODE_SIGN_STYLE = Automatic;
				DEVELOPMENT_TEAM = 9YN493UFZE;
				INFOPLIST_FILE = DogCatJudgementTests/Info.plist;
				IPHONEOS_DEPLOYMENT_TARGET = 14.4;
				LD_RUNPATH_SEARCH_PATHS = (
					"$(inherited)",
					"@executable_path/Frameworks",
					"@loader_path/Frameworks",
				);
				PRODUCT_BUNDLE_IDENTIFIER = jp.beah.DogCatJudgementTests;
				PRODUCT_NAME = "$(TARGET_NAME)";
				SWIFT_VERSION = 5.0;
				TARGETED_DEVICE_FAMILY = "1,2";
				TEST_HOST = "$(BUILT_PRODUCTS_DIR)/DogCatJudgement.app/DogCatJudgement";
			};
			name = Debug;
		};
		96AAE77125DEF5A200B82E63 /* Release */ = {
			isa = XCBuildConfiguration;
			buildSettings = {
				ALWAYS_EMBED_SWIFT_STANDARD_LIBRARIES = YES;
				BUNDLE_LOADER = "$(TEST_HOST)";
				CODE_SIGN_STYLE = Automatic;
				DEVELOPMENT_TEAM = 9YN493UFZE;
				INFOPLIST_FILE = DogCatJudgementTests/Info.plist;
				IPHONEOS_DEPLOYMENT_TARGET = 14.4;
				LD_RUNPATH_SEARCH_PATHS = (
					"$(inherited)",
					"@executable_path/Frameworks",
					"@loader_path/Frameworks",
				);
				PRODUCT_BUNDLE_IDENTIFIER = jp.beah.DogCatJudgementTests;
				PRODUCT_NAME = "$(TARGET_NAME)";
				SWIFT_VERSION = 5.0;
				TARGETED_DEVICE_FAMILY = "1,2";
				TEST_HOST = "$(BUILT_PRODUCTS_DIR)/DogCatJudgement.app/DogCatJudgement";
			};
			name = Release;
		};
		96AAE77325DEF5A200B82E63 /* Debug */ = {
			isa = XCBuildConfiguration;
			buildSettings = {
				ALWAYS_EMBED_SWIFT_STANDARD_LIBRARIES = YES;
				CODE_SIGN_STYLE = Automatic;
				DEVELOPMENT_TEAM = 9YN493UFZE;
				INFOPLIST_FILE = DogCatJudgementUITests/Info.plist;
				LD_RUNPATH_SEARCH_PATHS = (
					"$(inherited)",
					"@executable_path/Frameworks",
					"@loader_path/Frameworks",
				);
				PRODUCT_BUNDLE_IDENTIFIER = jp.beah.DogCatJudgementUITests;
				PRODUCT_NAME = "$(TARGET_NAME)";
				SWIFT_VERSION = 5.0;
				TARGETED_DEVICE_FAMILY = "1,2";
				TEST_TARGET_NAME = DogCatJudgement;
			};
			name = Debug;
		};
		96AAE77425DEF5A200B82E63 /* Release */ = {
			isa = XCBuildConfiguration;
			buildSettings = {
				ALWAYS_EMBED_SWIFT_STANDARD_LIBRARIES = YES;
				CODE_SIGN_STYLE = Automatic;
				DEVELOPMENT_TEAM = 9YN493UFZE;
				INFOPLIST_FILE = DogCatJudgementUITests/Info.plist;
				LD_RUNPATH_SEARCH_PATHS = (
					"$(inherited)",
					"@executable_path/Frameworks",
					"@loader_path/Frameworks",
				);
				PRODUCT_BUNDLE_IDENTIFIER = jp.beah.DogCatJudgementUITests;
				PRODUCT_NAME = "$(TARGET_NAME)";
				SWIFT_VERSION = 5.0;
				TARGETED_DEVICE_FAMILY = "1,2";
				TEST_TARGET_NAME = DogCatJudgement;
			};
			name = Release;
		};
/* End XCBuildConfiguration section */

/* Begin XCConfigurationList section */
		96AAE73D25DEF5A100B82E63 /* Build configuration list for PBXProject "DogCatJudgement" */ = {
			isa = XCConfigurationList;
			buildConfigurations = (
				96AAE76A25DEF5A200B82E63 /* Debug */,
				96AAE76B25DEF5A200B82E63 /* Release */,
			);
			defaultConfigurationIsVisible = 0;
			defaultConfigurationName = Release;
		};
		96AAE76C25DEF5A200B82E63 /* Build configuration list for PBXNativeTarget "DogCatJudgement" */ = {
			isa = XCConfigurationList;
			buildConfigurations = (
				96AAE76D25DEF5A200B82E63 /* Debug */,
				96AAE76E25DEF5A200B82E63 /* Release */,
			);
			defaultConfigurationIsVisible = 0;
			defaultConfigurationName = Release;
		};
		96AAE76F25DEF5A200B82E63 /* Build configuration list for PBXNativeTarget "DogCatJudgementTests" */ = {
			isa = XCConfigurationList;
			buildConfigurations = (
				96AAE77025DEF5A200B82E63 /* Debug */,
				96AAE77125DEF5A200B82E63 /* Release */,
			);
			defaultConfigurationIsVisible = 0;
			defaultConfigurationName = Release;
		};
		96AAE77225DEF5A200B82E63 /* Build configuration list for PBXNativeTarget "DogCatJudgementUITests" */ = {
			isa = XCConfigurationList;
			buildConfigurations = (
				96AAE77325DEF5A200B82E63 /* Debug */,
				96AAE77425DEF5A200B82E63 /* Release */,
			);
			defaultConfigurationIsVisible = 0;
			defaultConfigurationName = Release;
		};
/* End XCConfigurationList section */
	};
	rootObject = 96AAE73A25DEF5A100B82E63 /* Project object */;
}
